
Microsoft Visual Studio Solution File, Format Version 12.00
# Visual Studio Version 17
VisualStudioVersion = 17.3.32825.248
MinimumVisualStudioVersion = 10.0.40219.1
Project("{FAE04EC0-301F-11D3-BF4B-00C04F79EFBC}") = "ConsoleApp1", "ConsoleApp1\ConsoleApp1.csproj", "{73D33A1E-0758-47CA-BEF8-A13D875E7279}"
EndProject
Global
	GlobalSection(SolutionConfigurationPlatforms) = preSolution
		Debug|Any CPU = Debug|Any CPU
		Release|Any CPU = Release|Any CPU
	EndGlobalSection
	GlobalSection(ProjectConfigurationPlatforms) = postSolution
		{73D33A1E-0758-47CA-BEF8-A13D875E7279}.Debug|Any CPU.ActiveCfg = Debug|Any CPU
		{73D33A1E-0758-47CA-BEF8-A13D875E7279}.Debug|Any CPU.Build.0 = Debug|Any CPU
		{73D33A1E-0758-47CA-BEF8-A13D875E7279}.Release|Any CPU.ActiveCfg = Release|Any CPU
		{73D33A1E-0758-47CA-BEF8-A13D875E7279}.Release|Any CPU.Build.0 = Release|Any CPU
	EndGlobalSection
	GlobalSection(SolutionProperties) = preSolution
		HideSolutionNode = FALSE
	EndGlobalSection
	GlobalSection(ExtensibilityGlobals) = postSolution
		SolutionGuid = {56F3C804-CA61-4334-B76B-0AEB47625F2D}
	EndGlobalSection
EndGlobal
