
Microsoft Visual Studio Solution File, Format Version 12.00
# Visual Studio Version 17
VisualStudioVersion = 17.3.32804.467
MinimumVisualStudioVersion = 10.0.40219.1
Project("{FAE04EC0-301F-11D3-BF4B-00C04F79EFBC}") = "SuperHeroAPI", "SuperHeroAPI\SuperHeroAPI.csproj", "{F655237C-1E24-4343-B37A-02D71AB5DF09}"
EndProject
Global
	GlobalSection(SolutionConfigurationPlatforms) = preSolution
		Debug|Any CPU = Debug|Any CPU
		Release|Any CPU = Release|Any CPU
	EndGlobalSection
	GlobalSection(ProjectConfigurationPlatforms) = postSolution
		{F655237C-1E24-4343-B37A-02D71AB5DF09}.Debug|Any CPU.ActiveCfg = Debug|Any CPU
		{F655237C-1E24-4343-B37A-02D71AB5DF09}.Debug|Any CPU.Build.0 = Debug|Any CPU
		{F655237C-1E24-4343-B37A-02D71AB5DF09}.Release|Any CPU.ActiveCfg = Release|Any CPU
		{F655237C-1E24-4343-B37A-02D71AB5DF09}.Release|Any CPU.Build.0 = Release|Any CPU
	EndGlobalSection
	GlobalSection(SolutionProperties) = preSolution
		HideSolutionNode = FALSE
	EndGlobalSection
	GlobalSection(ExtensibilityGlobals) = postSolution
		SolutionGuid = {33DA8B60-024D-4340-8F5B-4B737540CEC1}
	EndGlobalSection
EndGlobal
